
Microsoft Visual Studio Solution File, Format Version 12.00
# Visual Studio Version 17
VisualStudioVersion = 17.8.34309.116
MinimumVisualStudioVersion = 10.0.40219.1
Project("{FAE04EC0-301F-11D3-BF4B-00C04F79EFBC}") = "Tourfirm", "Tourfirm\Tourfirm.csproj", "{6BF02997-BB72-4597-9B86-37E3019D8A4E}"
EndProject
Global
	GlobalSection(SolutionConfigurationPlatforms) = preSolution
		Debug|Any CPU = Debug|Any CPU
		Release|Any CPU = Release|Any CPU
	EndGlobalSection
	GlobalSection(ProjectConfigurationPlatforms) = postSolution
		{6BF02997-BB72-4597-9B86-37E3019D8A4E}.Debug|Any CPU.ActiveCfg = Debug|Any CPU
		{6BF02997-BB72-4597-9B86-37E3019D8A4E}.Debug|Any CPU.Build.0 = Debug|Any CPU
		{6BF02997-BB72-4597-9B86-37E3019D8A4E}.Release|Any CPU.ActiveCfg = Release|Any CPU
		{6BF02997-BB72-4597-9B86-37E3019D8A4E}.Release|Any CPU.Build.0 = Release|Any CPU
	EndGlobalSection
	GlobalSection(SolutionProperties) = preSolution
		HideSolutionNode = FALSE
	EndGlobalSection
	GlobalSection(ExtensibilityGlobals) = postSolution
		SolutionGuid = {B3670365-8364-470B-934D-021A2F4C264F}
	EndGlobalSection
EndGlobal
